
Microsoft Visual Studio Solution File, Format Version 12.00
# Visual Studio 15
VisualStudioVersion = 15.0.27703.2042
MinimumVisualStudioVersion = 10.0.40219.1
Project("{FAE04EC0-301F-11D3-BF4B-00C04F79EFBC}") = "FFilms", "FFilms\FFilms.csproj", "{046D8B52-FF0C-4EC7-9D1A-535095EE3752}"
EndProject
Project("{FAE04EC0-301F-11D3-BF4B-00C04F79EFBC}") = "FFParser", "FFParser\FFParser.csproj", "{786445EC-D99C-4A6C-A3C9-842CD557AAD4}"
EndProject
Project("{00D1A9C2-B5F0-4AF3-8072-F6C62B433612}") = "Database", "Database\Database.sqlproj", "{157101C9-15E0-4490-8057-F26FC2DD5C25}"
EndProject
Global
	GlobalSection(SolutionConfigurationPlatforms) = preSolution
		Debug|Any CPU = Debug|Any CPU
		Release|Any CPU = Release|Any CPU
	EndGlobalSection
	GlobalSection(ProjectConfigurationPlatforms) = postSolution
		{046D8B52-FF0C-4EC7-9D1A-535095EE3752}.Debug|Any CPU.ActiveCfg = Debug|Any CPU
		{046D8B52-FF0C-4EC7-9D1A-535095EE3752}.Debug|Any CPU.Build.0 = Debug|Any CPU
		{046D8B52-FF0C-4EC7-9D1A-535095EE3752}.Release|Any CPU.ActiveCfg = Release|Any CPU
		{046D8B52-FF0C-4EC7-9D1A-535095EE3752}.Release|Any CPU.Build.0 = Release|Any CPU
		{786445EC-D99C-4A6C-A3C9-842CD557AAD4}.Debug|Any CPU.ActiveCfg = Debug|Any CPU
		{786445EC-D99C-4A6C-A3C9-842CD557AAD4}.Debug|Any CPU.Build.0 = Debug|Any CPU
		{786445EC-D99C-4A6C-A3C9-842CD557AAD4}.Release|Any CPU.ActiveCfg = Release|Any CPU
		{786445EC-D99C-4A6C-A3C9-842CD557AAD4}.Release|Any CPU.Build.0 = Release|Any CPU
		{157101C9-15E0-4490-8057-F26FC2DD5C25}.Debug|Any CPU.ActiveCfg = Debug|Any CPU
		{157101C9-15E0-4490-8057-F26FC2DD5C25}.Debug|Any CPU.Build.0 = Debug|Any CPU
		{157101C9-15E0-4490-8057-F26FC2DD5C25}.Debug|Any CPU.Deploy.0 = Debug|Any CPU
		{157101C9-15E0-4490-8057-F26FC2DD5C25}.Release|Any CPU.ActiveCfg = Release|Any CPU
		{157101C9-15E0-4490-8057-F26FC2DD5C25}.Release|Any CPU.Build.0 = Release|Any CPU
		{157101C9-15E0-4490-8057-F26FC2DD5C25}.Release|Any CPU.Deploy.0 = Release|Any CPU
	EndGlobalSection
	GlobalSection(SolutionProperties) = preSolution
		HideSolutionNode = FALSE
	EndGlobalSection
	GlobalSection(ExtensibilityGlobals) = postSolution
		SolutionGuid = {303A15AB-913B-428E-A326-84ACEBC68741}
	EndGlobalSection
EndGlobal
